
Microsoft Visual Studio Solution File, Format Version 12.00
Project("{FAE04EC0-301F-11D3-BF4B-00C04F79EFBC}") = "BlackJackGame", "BlackJackGame\BlackJackGame.csproj", "{48EB169C-BB11-4418-86DE-77DFD5FC6262}"
EndProject
Project("{FAE04EC0-301F-11D3-BF4B-00C04F79EFBC}") = "DataAccess", "DataAccess\DataAccess.csproj", "{9414E63A-01EE-4773-99E7-608F948A55B7}"
EndProject
Global
	GlobalSection(SolutionConfigurationPlatforms) = preSolution
		Debug|Any CPU = Debug|Any CPU
		Release|Any CPU = Release|Any CPU
	EndGlobalSection
	GlobalSection(ProjectConfigurationPlatforms) = postSolution
		{48EB169C-BB11-4418-86DE-77DFD5FC6262}.Debug|Any CPU.ActiveCfg = Debug|Any CPU
		{48EB169C-BB11-4418-86DE-77DFD5FC6262}.Debug|Any CPU.Build.0 = Debug|Any CPU
		{48EB169C-BB11-4418-86DE-77DFD5FC6262}.Release|Any CPU.ActiveCfg = Release|Any CPU
		{48EB169C-BB11-4418-86DE-77DFD5FC6262}.Release|Any CPU.Build.0 = Release|Any CPU
		{9414E63A-01EE-4773-99E7-608F948A55B7}.Debug|Any CPU.ActiveCfg = Debug|Any CPU
		{9414E63A-01EE-4773-99E7-608F948A55B7}.Debug|Any CPU.Build.0 = Debug|Any CPU
		{9414E63A-01EE-4773-99E7-608F948A55B7}.Release|Any CPU.ActiveCfg = Release|Any CPU
		{9414E63A-01EE-4773-99E7-608F948A55B7}.Release|Any CPU.Build.0 = Release|Any CPU
	EndGlobalSection
EndGlobal
